<?xml version="1.0" encoding="utf-8"?>
<Project ToolsVersion="4.0" xmlns="http://schemas.microsoft.com/developer/msbuild/2003">
  <ItemGroup>
    <Filter Include="Source Files">
      <UniqueIdentifier>{4FC737F1-C7A5-4376-A066-2A32D752A2FF}</UniqueIdentifier>
      <Extensions>cpp;c;cc;cxx;c++;cppm;ixx;def;odl;idl;hpj;bat;asm;asmx</Extensions>
    </Filter>
    <Filter Include="Header Files">
      <UniqueIdentifier>{93995380-89BD-4b04-88EB-625FBE52EBFB}</UniqueIdentifier>
      <Extensions>h;hh;hpp;hxx;h++;hm;inl;inc;ipp;xsd</Extensions>
    </Filter>
    <Filter Include="Resource Files">
      <UniqueIdentifier>{67DA6AB6-F800-4c08-8B7A-83BB121AAD01}</UniqueIdentifier>
      <Extensions>rc;ico;cur;bmp;dlg;rc2;rct;bin;rgs;gif;jpg;jpeg;jpe;resx;tiff;tif;png;wav;mfcribbon-ms</Extensions>
    </Filter>
  </ItemGroup>
  <ItemGroup>
    <ClInclude Include="src\ui\PrinterHub.h">
      <Filter>Header Files</Filter>
    </ClInclude>
    <ClInclude Include="src\ui\framework.h">
      <Filter>Header Files</Filter>
    </ClInclude>
    <ClInclude Include="src\ui\targetver.h">
      <Filter>Header Files</Filter>
    </ClInclude>
    <ClInclude Include="src\ui\MainFrm.h">
      <Filter>Header Files</Filter>
    </ClInclude>
    <ClInclude Include="src\ui\PrinterHubDoc.h">
      <Filter>Header Files</Filter>
    </ClInclude>
    <ClInclude Include="src\ui\CPrinterHubView.h">
      <Filter>Header Files</Filter>
    </ClInclude>
    <ClInclude Include="src\ui\Resource.h">
      <Filter>Header Files</Filter>
    </ClInclude>
    <ClInclude Include="src\ui\pch.h">
      <Filter>Header Files</Filter>
    </ClInclude>
    <ClInclude Include="src\ui\dialog\CAddPrinterDlg.h">
      <Filter>Header Files</Filter>
    </ClInclude>
    <ClInclude Include="src\core\ConvertData.h">
      <Filter>Header Files</Filter>
    </ClInclude>
    <ClInclude Include="src\core\ControllerStatus.h">
      <Filter>Header Files</Filter>
    </ClInclude>
    <ClInclude Include="src\core\EnumConverter.h">
      <Filter>Header Files</Filter>
    </ClInclude>
    <ClInclude Include="src\core\Printer.h">
      <Filter>Header Files</Filter>
    </ClInclude>
    <ClInclude Include="src\core\PrinterConfig.h">
      <Filter>Header Files</Filter>
    </ClInclude>
    <ClInclude Include="src\core\pch.h">
      <Filter>Header Files</Filter>
    </ClInclude>
    <ClInclude Include="src\io\CsvReader.h">
      <Filter>Header Files</Filter>
    </ClInclude>
    <ClInclude Include="src\io\CsvWriter.h">
      <Filter>Header Files</Filter>
    </ClInclude>
    <ClInclude Include="src\io\pch.h">
      <Filter>Header Files</Filter>
    </ClInclude>
    <ClInclude Include="src\ui\component\CCustomButton.h">
      <Filter>Header Files</Filter>
    </ClInclude>
    <ClInclude Include="src\ui\component\pch.h">
      <Filter>Header Files</Filter>
    </ClInclude>
    <ClInclude Include="src\ui\component\CCustomEdit.h">
      <Filter>Header Files</Filter>
    </ClInclude>
    <ClInclude Include="src\core\CommandPattern\AddPrinterCommand.h">
      <Filter>Header Files</Filter>
    </ClInclude>
    <ClInclude Include="src\core\CommandPattern\DeletePrinterCommand.h">
      <Filter>Header Files</Filter>
    </ClInclude>
    <ClInclude Include="src\core\CommandPattern\EditPrinterCommand.h">
      <Filter>Header Files</Filter>
    </ClInclude>
    <ClInclude Include="src\core\CommandPattern\ICommand.h">
      <Filter>Header Files</Filter>
    </ClInclude>
    <ClInclude Include="src\core\PrinterManager.h">
      <Filter>Header Files</Filter>
    </ClInclude>
    <ClInclude Include="src\core\IObserver.h">
      <Filter>Header Files</Filter>
    </ClInclude>
    <ClInclude Include="src\core\repository\CSVPrinterRepository.h">
      <Filter>Header Files</Filter>
    </ClInclude>
    <ClInclude Include="src\core\repository\IPrinterRepository.h">
      <Filter>Header Files</Filter>
    </ClInclude>
    <ClInclude Include="src\core\repository\pch.h">
      <Filter>Header Files</Filter>
    </ClInclude>
    <ClInclude Include="src\core\repository\MockPrinterRepository.h">
      <Filter>Header Files</Filter>
    </ClInclude>
    <ClInclude Include="src\core\PrinterError.h">
      <Filter>Header Files</Filter>
    </ClInclude>
    <ClInclude Include="src\ui\dialog\pch.h">
      <Filter>Header Files</Filter>
    </ClInclude>
    <ClInclude Include="src\ui\dialog\UpdateFirmwareDlg.h">
      <Filter>Header Files</Filter>
    </ClInclude>
  </ItemGroup>
  <ItemGroup>
    <ClCompile Include="src\ui\PrinterHub.cpp">
      <Filter>Source Files</Filter>
    </ClCompile>
    <ClCompile Include="src\ui\MainFrm.cpp">
      <Filter>Source Files</Filter>
    </ClCompile>
    <ClCompile Include="src\ui\PrinterHubDoc.cpp">
      <Filter>Source Files</Filter>
    </ClCompile>
    <ClCompile Include="src\ui\CPrinterHubView.cpp">
      <Filter>Source Files</Filter>
    </ClCompile>
    <ClCompile Include="src\ui\pch.cpp">
      <Filter>Source Files</Filter>
    </ClCompile>
    <ClCompile Include="src\ui\dialog\CAddPrinterDlg.cpp">
      <Filter>Source Files</Filter>
    </ClCompile>
    <ClCompile Include="src\core\ConvertData.cpp">
      <Filter>Source Files</Filter>
    </ClCompile>
    <ClCompile Include="src\core\Printer.cpp">
      <Filter>Source Files</Filter>
    </ClCompile>
    <ClCompile Include="src\io\CsvReader.cpp">
      <Filter>Source Files</Filter>
    </ClCompile>
    <ClCompile Include="src\io\CsvWriter.cpp">
      <Filter>Source Files</Filter>
    </ClCompile>
    <ClCompile Include="src\ui\component\CCustomButton.cpp">
      <Filter>Source Files</Filter>
    </ClCompile>
    <ClCompile Include="src\ui\component\pch.cpp">
      <Filter>Source Files</Filter>
    </ClCompile>
    <ClCompile Include="src\ui\component\CCustomEdit.cpp">
      <Filter>Source Files</Filter>
    </ClCompile>
    <ClCompile Include="src\core\PrinterManager.cpp">
      <Filter>Source Files</Filter>
    </ClCompile>
    <ClCompile Include="src\core\repository\CSVPrinterRepository.cpp">
      <Filter>Source Files</Filter>
    </ClCompile>
    <ClCompile Include="src\ui\dialog\UpdateFirmwareDlg.cpp">
      <Filter>Source Files</Filter>
    </ClCompile>
  </ItemGroup>
  <ItemGroup>
    <ResourceCompile Include="src\ui\PrinterHub.rc">
      <Filter>Resource Files</Filter>
    </ResourceCompile>
  </ItemGroup>
  <ItemGroup>
    <Image Include="src\ui\res\userimages.bmp">
      <Filter>Resource Files</Filter>
    </Image>
    <Image Include="src\ui\res\PrinterHubDoc.ico">
      <Filter>Resource Files</Filter>
    </Image>
    <Image Include="src\ui\res\PrinterHub.ico">
      <Filter>Resource Files</Filter>
    </Image>
    <Image Include="src\ui\res\Toolbar.bmp">
      <Filter>Resource Files</Filter>
    </Image>
    <Image Include="src\ui\res\Toolbar256.bmp">
      <Filter>Resource Files</Filter>
    </Image>
  </ItemGroup>
  <ItemGroup>
    <None Include="src\ui\res\PrinterHub.rc2">
      <Filter>Resource Files</Filter>
    </None>
    <None Include="printers.csv" />
    <None Include="data\printers.csv" />
  </ItemGroup>
</Project>